// !$*UTF8*$!
{
	archiveVersion = 1;
	classes = {
	};
	objectVersion = 46;
	objects = {

/* Begin PBXBuildFile section */
		A24DDDAC1A3A37E700CD7D76 /* AppDelegate.swift in Sources */ = {isa = PBXBuildFile; fileRef = A24DDDAB1A3A37E700CD7D76 /* AppDelegate.swift */; };
		A24DDDAE1A3A37E700CD7D76 /* ViewController.swift in Sources */ = {isa = PBXBuildFile; fileRef = A24DDDAD1A3A37E700CD7D76 /* ViewController.swift */; };
		A24DDDB11A3A37E700CD7D76 /* Main.storyboard in Resources */ = {isa = PBXBuildFile; fileRef = A24DDDAF1A3A37E700CD7D76 /* Main.storyboard */; };
		A24DDDB31A3A37E700CD7D76 /* Images.xcassets in Resources */ = {isa = PBXBuildFile; fileRef = A24DDDB21A3A37E700CD7D76 /* Images.xcassets */; };
		A24DDDB61A3A37E700CD7D76 /* LaunchScreen.xib in Resources */ = {isa = PBXBuildFile; fileRef = A24DDDB41A3A37E700CD7D76 /* LaunchScreen.xib */; };
		A24DDDC21A3A37E700CD7D76 /* McKellsAppTests.swift in Sources */ = {isa = PBXBuildFile; fileRef = A24DDDC11A3A37E700CD7D76 /* McKellsAppTests.swift */; };
/* End PBXBuildFile section */

/* Begin PBXContainerItemProxy section */
		A24DDDBC1A3A37E700CD7D76 /* PBXContainerItemProxy */ = {
			isa = PBXContainerItemProxy;
			containerPortal = A24DDD9E1A3A37E600CD7D76 /* Project object */;
			proxyType = 1;
			remoteGlobalIDString = A24DDDA51A3A37E700CD7D76;
			remoteInfo = McKellsApp;
		};
/* End PBXContainerItemProxy section */

/* Begin PBXFileReference section */
		A24DDDA61A3A37E700CD7D76 /* McKellsApp.app */ = {isa = PBXFileReference; explicitFileType = wrapper.application; includeInIndex = 0; path = McKellsApp.app; sourceTree = BUILT_PRODUCTS_DIR; };
		A24DDDAA1A3A37E700CD7D76 /* Info.plist */ = {isa = PBXFileReference; lastKnownFileType = text.plist.xml; path = Info.plist; sourceTree = "<group>"; };
		A24DDDAB1A3A37E700CD7D76 /* AppDelegate.swift */ = {isa = PBXFileReference; lastKnownFileType = sourcecode.swift; path = AppDelegate.swift; sourceTree = "<group>"; };
		A24DDDAD1A3A37E700CD7D76 /* ViewController.swift */ = {isa = PBXFileReference; lastKnownFileType = sourcecode.swift; path = ViewController.swift; sourceTree = "<group>"; };
		A24DDDB01A3A37E700CD7D76 /* Base */ = {isa = PBXFileReference; lastKnownFileType = file.storyboard; name = Base; path = Base.lproj/Main.storyboard; sourceTree = "<group>"; };
		A24DDDB21A3A37E700CD7D76 /* Images.xcassets */ = {isa = PBXFileReference; lastKnownFileType = folder.assetcatalog; path = Images.xcassets; sourceTree = "<group>"; };
		A24DDDB51A3A37E700CD7D76 /* Base */ = {isa = PBXFileReference; lastKnownFileType = file.xib; name = Base; path = Base.lproj/LaunchScreen.xib; sourceTree = "<group>"; };
		A24DDDBB1A3A37E700CD7D76 /* McKellsAppTests.xctest */ = {isa = PBXFileReference; explicitFileType = wrapper.cfbundle; includeInIndex = 0; path = McKellsAppTests.xctest; sourceTree = BUILT_PRODUCTS_DIR; };
		A24DDDC01A3A37E700CD7D76 /* Info.plist */ = {isa = PBXFileReference; lastKnownFileType = text.plist.xml; path = Info.plist; sourceTree = "<group>"; };
		A24DDDC11A3A37E700CD7D76 /* McKellsAppTests.swift */ = {isa = PBXFileReference; lastKnownFileType = sourcecode.swift; path = McKellsAppTests.swift; sourceTree = "<group>"; };
/* End PBXFileReference section */

/* Begin PBXFrameworksBuildPhase section */
		A24DDDA31A3A37E700CD7D76 /* Frameworks */ = {
			isa = PBXFrameworksBuildPhase;
			buildActionMask = 2147483647;
			files = (
			);
			runOnlyForDeploymentPostprocessing = 0;
		};
		A24DDDB81A3A37E700CD7D76 /* Frameworks */ = {
			isa = PBXFrameworksBuildPhase;
			buildActionMask = 2147483647;
			files = (
			);
			runOnlyForDeploymentPostprocessing = 0;
		};
/* End PBXFrameworksBuildPhase section */

/* Begin PBXGroup section */
		A24DDD9D1A3A37E600CD7D76 = {
			isa = PBXGroup;
			children = (
				A24DDDA81A3A37E700CD7D76 /* McKellsApp */,
				A24DDDBE1A3A37E700CD7D76 /* McKellsAppTests */,
				A24DDDA71A3A37E700CD7D76 /* Products */,
			);
			sourceTree = "<group>";
		};
		A24DDDA71A3A37E700CD7D76 /* Products */ = {
			isa = PBXGroup;
			children = (
				A24DDDA61A3A37E700CD7D76 /* McKellsApp.app */,
				A24DDDBB1A3A37E700CD7D76 /* McKellsAppTests.xctest */,
			);
			name = Products;
			sourceTree = "<group>";
		};
		A24DDDA81A3A37E700CD7D76 /* McKellsApp */ = {
			isa = PBXGroup;
			children = (
				A24DDDAB1A3A37E700CD7D76 /* AppDelegate.swift */,
				A24DDDAD1A3A37E700CD7D76 /* ViewController.swift */,
				A24DDDAF1A3A37E700CD7D76 /* Main.storyboard */,
				A24DDDB21A3A37E700CD7D76 /* Images.xcassets */,
				A24DDDB41A3A37E700CD7D76 /* LaunchScreen.xib */,
				A24DDDA91A3A37E700CD7D76 /* Supporting Files */,
			);
			path = McKellsApp;
			sourceTree = "<group>";
		};
		A24DDDA91A3A37E700CD7D76 /* Supporting Files */ = {
			isa = PBXGroup;
			children = (
				A24DDDAA1A3A37E700CD7D76 /* Info.plist */,
			);
			name = "Supporting Files";
			sourceTree = "<group>";
		};
		A24DDDBE1A3A37E700CD7D76 /* McKellsAppTests */ = {
			isa = PBXGroup;
			children = (
				A24DDDC11A3A37E700CD7D76 /* McKellsAppTests.swift */,
				A24DDDBF1A3A37E700CD7D76 /* Supporting Files */,
			);
			path = McKellsAppTests;
			sourceTree = "<group>";
		};
		A24DDDBF1A3A37E700CD7D76 /* Supporting Files */ = {
			isa = PBXGroup;
			children = (
				A24DDDC01A3A37E700CD7D76 /* Info.plist */,
			);
			name = "Supporting Files";
			sourceTree = "<group>";
		};
/* End PBXGroup section */

/* Begin PBXNativeTarget section */
		A24DDDA51A3A37E700CD7D76 /* McKellsApp */ = {
			isa = PBXNativeTarget;
			buildConfigurationList = A24DDDC51A3A37E700CD7D76 /* Build configuration list for PBXNativeTarget "McKellsApp" */;
			buildPhases = (
				A24DDDA21A3A37E700CD7D76 /* Sources */,
				A24DDDA31A3A37E700CD7D76 /* Frameworks */,
				A24DDDA41A3A37E700CD7D76 /* Resources */,
			);
			buildRules = (
			);
			dependencies = (
			);
			name = McKellsApp;
			productName = McKellsApp;
			productReference = A24DDDA61A3A37E700CD7D76 /* McKellsApp.app */;
			productType = "com.apple.product-type.application";
		};
		A24DDDBA1A3A37E700CD7D76 /* McKellsAppTests */ = {
			isa = PBXNativeTarget;
			buildConfigurationList = A24DDDC81A3A37E700CD7D76 /* Build configuration list for PBXNativeTarget "McKellsAppTests" */;
			buildPhases = (
				A24DDDB71A3A37E700CD7D76 /* Sources */,
				A24DDDB81A3A37E700CD7D76 /* Frameworks */,
				A24DDDB91A3A37E700CD7D76 /* Resources */,
			);
			buildRules = (
			);
			dependencies = (
				A24DDDBD1A3A37E700CD7D76 /* PBXTargetDependency */,
			);
			name = McKellsAppTests;
			productName = McKellsAppTests;
			productReference = A24DDDBB1A3A37E700CD7D76 /* McKellsAppTests.xctest */;
			productType = "com.apple.product-type.bundle.unit-test";
		};
/* End PBXNativeTarget section */

/* Begin PBXProject section */
		A24DDD9E1A3A37E600CD7D76 /* Project object */ = {
			isa = PBXProject;
			attributes = {
				LastUpgradeCheck = 0610;
				ORGANIZATIONNAME = "CTEC Student Laptop";
				TargetAttributes = {
					A24DDDA51A3A37E700CD7D76 = {
						CreatedOnToolsVersion = 6.1.1;
					};
					A24DDDBA1A3A37E700CD7D76 = {
						CreatedOnToolsVersion = 6.1.1;
						TestTargetID = A24DDDA51A3A37E700CD7D76;
					};
				};
			};
			buildConfigurationList = A24DDDA11A3A37E600CD7D76 /* Build configuration list for PBXProject "McKellsApp" */;
			compatibilityVersion = "Xcode 3.2";
			developmentRegion = English;
			hasScannedForEncodings = 0;
			knownRegions = (
				en,
				Base,
			);
			mainGroup = A24DDD9D1A3A37E600CD7D76;
			productRefGroup = A24DDDA71A3A37E700CD7D76 /* Products */;
			projectDirPath = "";
			projectRoot = "";
			targets = (
				A24DDDA51A3A37E700CD7D76 /* McKellsApp */,
				A24DDDBA1A3A37E700CD7D76 /* McKellsAppTests */,
			);
		};
/* End PBXProject section */

/* Begin PBXResourcesBuildPhase section */
		A24DDDA41A3A37E700CD7D76 /* Resources */ = {
			isa = PBXResourcesBuildPhase;
			buildActionMask = 2147483647;
			files = (
				A24DDDB11A3A37E700CD7D76 /* Main.storyboard in Resources */,
				A24DDDB61A3A37E700CD7D76 /* LaunchScreen.xib in Resources */,
				A24DDDB31A3A37E700CD7D76 /* Images.xcassets in Resources */,
			);
			runOnlyForDeploymentPostprocessing = 0;
		};
		A24DDDB91A3A37E700CD7D76 /* Resources */ = {
			isa = PBXResourcesBuildPhase;
			buildActionMask = 2147483647;
			files = (
			);
			runOnlyForDeploymentPostprocessing = 0;
		};
/* End PBXResourcesBuildPhase section */

/* Begin PBXSourcesBuildPhase section */
		A24DDDA21A3A37E700CD7D76 /* Sources */ = {
			isa = PBXSourcesBuildPhase;
			buildActionMask = 2147483647;
			files = (
				A24DDDAE1A3A37E700CD7D76 /* ViewController.swift in Sources */,
				A24DDDAC1A3A37E700CD7D76 /* AppDelegate.swift in Sources */,
			);
			runOnlyForDeploymentPostprocessing = 0;
		};
		A24DDDB71A3A37E700CD7D76 /* Sources */ = {
			isa = PBXSourcesBuildPhase;
			buildActionMask = 2147483647;
			files = (
				A24DDDC21A3A37E700CD7D76 /* McKellsAppTests.swift in Sources */,
			);
			runOnlyForDeploymentPostprocessing = 0;
		};
/* End PBXSourcesBuildPhase section */

/* Begin PBXTargetDependency section */
		A24DDDBD1A3A37E700CD7D76 /* PBXTargetDependency */ = {
			isa = PBXTargetDependency;
			target = A24DDDA51A3A37E700CD7D76 /* McKellsApp */;
			targetProxy = A24DDDBC1A3A37E700CD7D76 /* PBXContainerItemProxy */;
		};
/* End PBXTargetDependency section */

/* Begin PBXVariantGroup section */
		A24DDDAF1A3A37E700CD7D76 /* Main.storyboard */ = {
			isa = PBXVariantGroup;
			children = (
				A24DDDB01A3A37E700CD7D76 /* Base */,
			);
			name = Main.storyboard;
			sourceTree = "<group>";
		};
		A24DDDB41A3A37E700CD7D76 /* LaunchScreen.xib */ = {
			isa = PBXVariantGroup;
			children = (
				A24DDDB51A3A37E700CD7D76 /* Base */,
			);
			name = LaunchScreen.xib;
			sourceTree = "<group>";
		};
/* End PBXVariantGroup section */

/* Begin XCBuildConfiguration section */
		A24DDDC31A3A37E700CD7D76 /* Debug */ = {
			isa = XCBuildConfiguration;
			buildSettings = {
				ALWAYS_SEARCH_USER_PATHS = NO;
				CLANG_CXX_LANGUAGE_STANDARD = "gnu++0x";
				CLANG_CXX_LIBRARY = "libc++";
				CLANG_ENABLE_MODULES = YES;
				CLANG_ENABLE_OBJC_ARC = YES;
				CLANG_WARN_BOOL_CONVERSION = YES;
				CLANG_WARN_CONSTANT_CONVERSION = YES;
				CLANG_WARN_DIRECT_OBJC_ISA_USAGE = YES_ERROR;
				CLANG_WARN_EMPTY_BODY = YES;
				CLANG_WARN_ENUM_CONVERSION = YES;
				CLANG_WARN_INT_CONVERSION = YES;
				CLANG_WARN_OBJC_ROOT_CLASS = YES_ERROR;
				CLANG_WARN_UNREACHABLE_CODE = YES;
				CLANG_WARN__DUPLICATE_METHOD_MATCH = YES;
				"CODE_SIGN_IDENTITY[sdk=iphoneos*]" = "iPhone Developer";
				COPY_PHASE_STRIP = NO;
				ENABLE_STRICT_OBJC_MSGSEND = YES;
				GCC_C_LANGUAGE_STANDARD = gnu99;
				GCC_DYNAMIC_NO_PIC = NO;
				GCC_OPTIMIZATION_LEVEL = 0;
				GCC_PREPROCESSOR_DEFINITIONS = (
					"DEBUG=1",
					"$(inherited)",
				);
				GCC_SYMBOLS_PRIVATE_EXTERN = NO;
				GCC_WARN_64_TO_32_BIT_CONVERSION = YES;
				GCC_WARN_ABOUT_RETURN_TYPE = YES_ERROR;
				GCC_WARN_UNDECLARED_SELECTOR = YES;
				GCC_WARN_UNINITIALIZED_AUTOS = YES_AGGRESSIVE;
				GCC_WARN_UNUSED_FUNCTION = YES;
				GCC_WARN_UNUSED_VARIABLE = YES;
				IPHONEOS_DEPLOYMENT_TARGET = 8.1;
				MTL_ENABLE_DEBUG_INFO = YES;
				ONLY_ACTIVE_ARCH = YES;
				SDKROOT = iphoneos;
				SWIFT_OPTIMIZATION_LEVEL = "-Onone";
				TARGETED_DEVICE_FAMILY = "1,2";
			};
			name = Debug;
		};
		A24DDDC41A3A37E700CD7D76 /* Release */ = {
			isa = XCBuildConfiguration;
			buildSettings = {
				ALWAYS_SEARCH_USER_PATHS = NO;
				CLANG_CXX_LANGUAGE_STANDARD = "gnu++0x";
				CLANG_CXX_LIBRARY = "libc++";
				CLANG_ENABLE_MODULES = YES;
				CLANG_ENABLE_OBJC_ARC = YES;
				CLANG_WARN_BOOL_CONVERSION = YES;
				CLANG_WARN_CONSTANT_CONVERSION = YES;
				CLANG_WARN_DIRECT_OBJC_ISA_USAGE = YES_ERROR;
				CLANG_WARN_EMPTY_BODY = YES;
				CLANG_WARN_ENUM_CONVERSION = YES;
				CLANG_WARN_INT_CONVERSION = YES;
				CLANG_WARN_OBJC_ROOT_CLASS = YES_ERROR;
				CLANG_WARN_UNREACHABLE_CODE = YES;
				CLANG_WARN__DUPLICATE_METHOD_MATCH = YES;
				"CODE_SIGN_IDENTITY[sdk=iphoneos*]" = "iPhone Developer";
				COPY_PHASE_STRIP = YES;
				ENABLE_NS_ASSERTIONS = NO;
				ENABLE_STRICT_OBJC_MSGSEND = YES;
				GCC_C_LANGUAGE_STANDARD = gnu99;
				GCC_WARN_64_TO_32_BIT_CONVERSION = YES;
				GCC_WARN_ABOUT_RETURN_TYPE = YES_ERROR;
				GCC_WARN_UNDECLARED_SELECTOR = YES;
				GCC_WARN_UNINITIALIZED_AUTOS = YES_AGGRESSIVE;
				GCC_WARN_UNUSED_FUNCTION = YES;
				GCC_WARN_UNUSED_VARIABLE = YES;
				IPHONEOS_DEPLOYMENT_TARGET = 8.1;
				MTL_ENABLE_DEBUG_INFO = NO;
				SDKROOT = iphoneos;
				TARGETED_DEVICE_FAMILY = "1,2";
				VALIDATE_PRODUCT = YES;
			};
			name = Release;
		};
		A24DDDC61A3A37E700CD7D76 /* Debug */ = {
			isa = XCBuildConfiguration;
			buildSettings = {
				ASSETCATALOG_COMPILER_APPICON_NAME = AppIcon;
				INFOPLIST_FILE = McKellsApp/Info.plist;
				LD_RUNPATH_SEARCH_PATHS = "$(inherited) @executable_path/Frameworks";
				PRODUCT_NAME = "$(TARGET_NAME)";
			};
			name = Debug;
		};
		A24DDDC71A3A37E700CD7D76 /* Release */ = {
			isa = XCBuildConfiguration;
			buildSettings = {
				ASSETCATALOG_COMPILER_APPICON_NAME = AppIcon;
				INFOPLIST_FILE = McKellsApp/Info.plist;
				LD_RUNPATH_SEARCH_PATHS = "$(inherited) @executable_path/Frameworks";
				PRODUCT_NAME = "$(TARGET_NAME)";
			};
			name = Release;
		};
		A24DDDC91A3A37E700CD7D76 /* Debug */ = {
			isa = XCBuildConfiguration;
			buildSettings = {
				BUNDLE_LOADER = "$(TEST_HOST)";
				FRAMEWORK_SEARCH_PATHS = (
					"$(SDKROOT)/Developer/Library/Frameworks",
					"$(inherited)",
				);
				GCC_PREPROCESSOR_DEFINITIONS = (
					"DEBUG=1",
					"$(inherited)",
				);
				INFOPLIST_FILE = McKellsAppTests/Info.plist;
				LD_RUNPATH_SEARCH_PATHS = "$(inherited) @executable_path/Frameworks @loader_path/Frameworks";
				PRODUCT_NAME = "$(TARGET_NAME)";
				TEST_HOST = "$(BUILT_PRODUCTS_DIR)/McKellsApp.app/McKellsApp";
			};
			name = Debug;
		};
		A24DDDCA1A3A37E700CD7D76 /* Release */ = {
			isa = XCBuildConfiguration;
			buildSettings = {
				BUNDLE_LOADER = "$(TEST_HOST)";
				FRAMEWORK_SEARCH_PATHS = (
					"$(SDKROOT)/Developer/Library/Frameworks",
					"$(inherited)",
				);
				INFOPLIST_FILE = McKellsAppTests/Info.plist;
				LD_RUNPATH_SEARCH_PATHS = "$(inherited) @executable_path/Frameworks @loader_path/Frameworks";
				PRODUCT_NAME = "$(TARGET_NAME)";
				TEST_HOST = "$(BUILT_PRODUCTS_DIR)/McKellsApp.app/McKellsApp";
			};
			name = Release;
		};
/* End XCBuildConfiguration section */

/* Begin XCConfigurationList section */
		A24DDDA11A3A37E600CD7D76 /* Build configuration list for PBXProject "McKellsApp" */ = {
			isa = XCConfigurationList;
			buildConfigurations = (
				A24DDDC31A3A37E700CD7D76 /* Debug */,
				A24DDDC41A3A37E700CD7D76 /* Release */,
			);
			defaultConfigurationIsVisible = 0;
			defaultConfigurationName = Release;
		};
		A24DDDC51A3A37E700CD7D76 /* Build configuration list for PBXNativeTarget "McKellsApp" */ = {
			isa = XCConfigurationList;
			buildConfigurations = (
				A24DDDC61A3A37E700CD7D76 /* Debug */,
				A24DDDC71A3A37E700CD7D76 /* Release */,
			);
			defaultConfigurationIsVisible = 0;
		};
		A24DDDC81A3A37E700CD7D76 /* Build configuration list for PBXNativeTarget "McKellsAppTests" */ = {
			isa = XCConfigurationList;
			buildConfigurations = (
				A24DDDC91A3A37E700CD7D76 /* Debug */,
				A24DDDCA1A3A37E700CD7D76 /* Release */,
			);
			defaultConfigurationIsVisible = 0;
		};
/* End XCConfigurationList section */
	};
	rootObject = A24DDD9E1A3A37E600CD7D76 /* Project object */;
}
